{
  "name": "hydrogen-ro-netlify-functions",
  "version": "1.0.0",
  "lockfileVersion": 3,
  "requires": true,
  "packages": {
    "": {
      "name": "hydrogen-ro-netlify-functions",
      "version": "1.0.0",
      "dependencies": {
        "altcha-lib": "^1.3.0",
        "bcryptjs": "^2.4.3",
        "nodemailer": "^7.0.6"
      }
    },
    "node_modules/altcha-lib": {
      "version": "1.3.0",
      "resolved": "https://registry.npmjs.org/altcha-lib/-/altcha-lib-1.3.0.tgz",
      "integrity": "sha512-PpFg/JPuR+Jiud7Vs54XSDqDxvylcp+0oDa/i1ARxBA/iKDqLeNlO8PorQbfuDTMVLYRypAa/2VDK3nbBTAu5A==",
      "license": "MIT"
    },
    "node_modules/bcryptjs": {
      "version": "2.4.3",
      "resolved": "https://registry.npmjs.org/bcryptjs/-/bcryptjs-2.4.3.tgz",
      "integrity": "sha512-V/Hy/X9Vt7f3BbPJEi8BdVFMByHi+jNXrYkW3huaybV/kQ0KJg0Y6PkEMbn+zeT+i+SiKZ/HMqJGIIt4LZDqNQ==",
      "license": "MIT"
    },
    "node_modules/nodemailer": {
      "version": "7.0.10",
      "resolved": "https://registry.npmjs.org/nodemailer/-/nodemailer-7.0.10.tgz",
      "integrity": "sha512-Us/Se1WtT0ylXgNFfyFSx4LElllVLJXQjWi2Xz17xWw7amDKO2MLtFnVp1WACy7GkVGs+oBlRopVNUzlrGSw1w==",
      "license": "MIT-0",
      "engines": {
        "node": ">=6.0.0"
      }
    }
  }
}
